<?xml version="1.0" encoding="utf-8"?>
<Project ToolsVersion="4.0" xmlns="http://schemas.microsoft.com/developer/msbuild/2003">
  <ItemGroup>
    <Filter Include="Header Files">
      <UniqueIdentifier>{93995380-89BD-4b04-88EB-625FBE52EBFB}</UniqueIdentifier>
      <Extensions>h;hpp;hxx;hm;inl;inc;xsd</Extensions>
    </Filter>
    <Filter Include="c">
      <UniqueIdentifier>{0cd89b51-9da2-472a-9f4f-9b073ca482a4}</UniqueIdentifier>
    </Filter>
    <Filter Include="cpp">
      <UniqueIdentifier>{d067f87e-c1ea-4aaa-b07b-da792660607c}</UniqueIdentifier>
    </Filter>
    <Filter Include="factory">
      <UniqueIdentifier>{ae06270f-6dd8-436a-ae7d-7a5b81e188e3}</UniqueIdentifier>
    </Filter>
    <Filter Include="console">
      <UniqueIdentifier>{0f9c1104-ab82-4644-884c-c8c985fa049f}</UniqueIdentifier>
    </Filter>
    <Filter Include="container">
      <UniqueIdentifier>{e3e9a783-ba7a-4649-9d93-0684daf679a8}</UniqueIdentifier>
    </Filter>
    <Filter Include="parse">
      <UniqueIdentifier>{759aaa0d-1c3d-44ed-b261-e79758425726}</UniqueIdentifier>
    </Filter>
    <Filter Include="pch">
      <UniqueIdentifier>{31452160-6a68-49f8-9eaa-23eea8438f95}</UniqueIdentifier>
    </Filter>
    <Filter Include="h_internal">
      <UniqueIdentifier>{b2e5ac38-7c4d-417b-abd7-2be117ec6213}</UniqueIdentifier>
    </Filter>
  </ItemGroup>
  <ItemGroup>
    <ClInclude Include="include\zipo.h">
      <Filter>Header Files</Filter>
    </ClInclude>
    <ClInclude Include="include\zipolib_cpp.h">
      <Filter>Header Files</Filter>
    </ClInclude>
    <ClInclude Include="include\z_str.h">
      <Filter>Header Files</Filter>
    </ClInclude>
    <ClInclude Include="include\z_temp_buff.h">
      <Filter>Header Files</Filter>
    </ClInclude>
    <ClInclude Include="include\z_time.h">
      <Filter>Header Files</Filter>
    </ClInclude>
    <ClInclude Include="include\ptypes_cset.h">
      <Filter>Header Files</Filter>
    </ClInclude>
    <ClInclude Include="include\z_files.h">
      <Filter>Header Files</Filter>
    </ClInclude>
    <ClInclude Include="include\z_os_specific.h">
      <Filter>Header Files</Filter>
    </ClInclude>
    <ClInclude Include="include\z_debug.h">
      <Filter>Header Files</Filter>
    </ClInclude>
    <ClInclude Include="include\z_dbg.h">
      <Filter>Header Files</Filter>
    </ClInclude>
    <ClInclude Include="include\z_filesystem.h">
      <Filter>cpp</Filter>
    </ClInclude>
    <ClInclude Include="include\z_logger.h">
      <Filter>cpp</Filter>
    </ClInclude>
    <ClInclude Include="include\z_string.h">
      <Filter>cpp</Filter>
    </ClInclude>
    <ClInclude Include="include\z_type_converter.h">
      <Filter>cpp</Filter>
    </ClInclude>
    <ClInclude Include="include\z_file.h">
      <Filter>cpp</Filter>
    </ClInclude>
    <ClInclude Include="include\Windows_zipo.h">
      <Filter>c</Filter>
    </ClInclude>
    <ClInclude Include="include\z_util.h">
      <Filter>c</Filter>
    </ClInclude>
    <ClInclude Include="include\z_factory.h">
      <Filter>factory</Filter>
    </ClInclude>
    <ClInclude Include="include\z_ntf.h">
      <Filter>factory</Filter>
    </ClInclude>
    <ClInclude Include="include\z_terminal.h">
      <Filter>console</Filter>
    </ClInclude>
    <ClInclude Include="include\z_console.h">
      <Filter>console</Filter>
    </ClInclude>
    <ClInclude Include="include\z_stl_vector.h">
      <Filter>container</Filter>
    </ClInclude>
    <ClInclude Include="include\z_stl_map.h">
      <Filter>container</Filter>
    </ClInclude>
    <ClInclude Include="include\z_stl_list.h">
      <Filter>container</Filter>
    </ClInclude>
    <ClInclude Include="include\z_list.h">
      <Filter>container</Filter>
    </ClInclude>
    <ClInclude Include="include\z_parse_text.h">
      <Filter>parse</Filter>
    </ClInclude>
    <ClInclude Include="include\z_parse.h">
      <Filter>parse</Filter>
    </ClInclude>
    <ClInclude Include="include\zipolib_cpp_pch.h">
      <Filter>pch</Filter>
    </ClInclude>
    <ClInclude Include="include\z_error.h">
      <Filter>cpp</Filter>
    </ClInclude>
    <ClInclude Include="include\z_factory_static.h">
      <Filter>factory</Filter>
    </ClInclude>
    <ClInclude Include="include\z_factory_dyn.h">
      <Filter>factory</Filter>
    </ClInclude>
    <ClInclude Include="include\z_obj.inc">
      <Filter>factory</Filter>
    </ClInclude>
    <ClInclude Include="include\z_factory_var_funcs.h">
      <Filter>factory</Filter>
    </ClInclude>
    <ClInclude Include="include\z_parse_internal.h">
      <Filter>parse</Filter>
    </ClInclude>
  </ItemGroup>
  <ItemGroup>
    <ClCompile Include="src\z_time.c">
      <Filter>c</Filter>
    </ClCompile>
    <ClCompile Include="src\z_util.c">
      <Filter>c</Filter>
    </ClCompile>
    <ClCompile Include="src\pstrconv.c">
      <Filter>c</Filter>
    </ClCompile>
    <ClCompile Include="src\pstrtoi.c">
      <Filter>c</Filter>
    </ClCompile>
    <ClCompile Include="src\strptime.c">
      <Filter>c</Filter>
    </ClCompile>
    <ClCompile Include="src\z_debug.c">
      <Filter>c</Filter>
    </ClCompile>
    <ClCompile Include="src\z_files.c">
      <Filter>c</Filter>
    </ClCompile>
    <ClCompile Include="src\z_os_specific.c">
      <Filter>c</Filter>
    </ClCompile>
    <ClCompile Include="src\z_str.c">
      <Filter>c</Filter>
    </ClCompile>
    <ClCompile Include="src\z_temp_buff.c">
      <Filter>c</Filter>
    </ClCompile>
    <ClCompile Include="src\z_file.cpp">
      <Filter>cpp</Filter>
    </ClCompile>
    <ClCompile Include="src\z_filesystem.cpp">
      <Filter>cpp</Filter>
    </ClCompile>
    <ClCompile Include="src\z_logger.cpp">
      <Filter>cpp</Filter>
    </ClCompile>
    <ClCompile Include="src\z_string.cpp">
      <Filter>cpp</Filter>
    </ClCompile>
    <ClCompile Include="src\z_type_converter.cpp">
      <Filter>cpp</Filter>
    </ClCompile>
    <ClCompile Include="src\z_utility.cpp">
      <Filter>cpp</Filter>
    </ClCompile>
    <ClCompile Include="src\pcset.cpp">
      <Filter>cpp</Filter>
    </ClCompile>
    <ClCompile Include="src\z_error.cpp">
      <Filter>cpp</Filter>
    </ClCompile>
    <ClCompile Include="src\z_ntf.cpp">
      <Filter>factory</Filter>
    </ClCompile>
    <ClCompile Include="src\z_terminal.cpp">
      <Filter>console</Filter>
    </ClCompile>
    <ClCompile Include="src\z_console.cpp">
      <Filter>console</Filter>
    </ClCompile>
    <ClCompile Include="src\z_list.cpp">
      <Filter>container</Filter>
    </ClCompile>
    <ClCompile Include="src\z_parse_text.cpp">
      <Filter>parse</Filter>
    </ClCompile>
    <ClCompile Include="src\z_obj_cmd.cpp">
      <Filter>parse</Filter>
    </ClCompile>
    <ClCompile Include="src\z_parse.cpp">
      <Filter>parse</Filter>
    </ClCompile>
    <ClCompile Include="src\z_parse_misc.cpp">
      <Filter>parse</Filter>
    </ClCompile>
    <ClCompile Include="src\z_parse_objs.cpp">
      <Filter>parse</Filter>
    </ClCompile>
    <ClCompile Include="src\pch.c">
      <Filter>pch</Filter>
    </ClCompile>
    <ClCompile Include="src\pch_cpp.cpp">
      <Filter>pch</Filter>
    </ClCompile>
    <ClCompile Include="src\z_factory.cpp">
      <Filter>factory</Filter>
    </ClCompile>
    <ClCompile Include="src\z_parse_internal.cpp">
      <Filter>parse</Filter>
    </ClCompile>
    <ClCompile Include="src\z_factory_dyn.cpp">
      <Filter>factory</Filter>
    </ClCompile>
    <ClCompile Include="src\z_terminal_keys.cpp">
      <Filter>console</Filter>
    </ClCompile>
  </ItemGroup>
  <ItemGroup>
    <None Include="Makefile" />
    <None Include="Makefile.dbg" />
  </ItemGroup>
</Project>