
Microsoft Visual Studio Solution File, Format Version 12.00
# Visual Studio 2012
Project("{8BC9CEB8-8B4A-11D0-8D11-00A0C91BC942}") = "vs.www.zipobase.com", "vs.www.zipobase.com.vcxproj", "{AB35F386-93F6-4F48-B0C5-D112EA65DCCE}"
EndProject
Global
	GlobalSection(SolutionConfigurationPlatforms) = preSolution
		Debug|Win32 = Debug|Win32
		Release|Win32 = Release|Win32
	EndGlobalSection
	GlobalSection(ProjectConfigurationPlatforms) = postSolution
		{AB35F386-93F6-4F48-B0C5-D112EA65DCCE}.Debug|Win32.ActiveCfg = Debug|Win32
		{AB35F386-93F6-4F48-B0C5-D112EA65DCCE}.Debug|Win32.Build.0 = Debug|Win32
		{AB35F386-93F6-4F48-B0C5-D112EA65DCCE}.Release|Win32.ActiveCfg = Release|Win32
		{AB35F386-93F6-4F48-B0C5-D112EA65DCCE}.Release|Win32.Build.0 = Release|Win32
	EndGlobalSection
	GlobalSection(SolutionProperties) = preSolution
		HideSolutionNode = FALSE
	EndGlobalSection
EndGlobal
