
Microsoft Visual Studio Solution File, Format Version 12.00
# Visual Studio 2012
Project("{8BC9CEB8-8B4A-11D0-8D11-00A0C91BC942}") = "zbase_lib", "zbase_lib\windows\zbase_lib.vcxproj", "{CDE73D09-C930-468C-B421-F1F2D017AB23}"
	ProjectSection(ProjectDependencies) = postProject
		{61770672-CA7E-41A4-894F-76A1511CEDB0} = {61770672-CA7E-41A4-894F-76A1511CEDB0}
	EndProjectSection
EndProject
Project("{8BC9CEB8-8B4A-11D0-8D11-00A0C91BC942}") = "zipolib_c", "zipolib_c\windows\zipolib_c.vcxproj", "{9296B73D-D94E-4724-907F-E1766D6A575C}"
EndProject
Project("{8BC9CEB8-8B4A-11D0-8D11-00A0C91BC942}") = "zipolib_cpp", "zipolib_cpp\windows\zipolib_cpp.vcxproj", "{61770672-CA7E-41A4-894F-76A1511CEDB0}"
	ProjectSection(ProjectDependencies) = postProject
		{9296B73D-D94E-4724-907F-E1766D6A575C} = {9296B73D-D94E-4724-907F-E1766D6A575C}
	EndProjectSection
EndProject
Project("{8BC9CEB8-8B4A-11D0-8D11-00A0C91BC942}") = "zipolib_parse", "zipolib_parse\windows\zipolib_parse.vcxproj", "{7DFEB237-87B6-4425-A52D-E8D5E892D6F4}"
	ProjectSection(ProjectDependencies) = postProject
		{61770672-CA7E-41A4-894F-76A1511CEDB0} = {61770672-CA7E-41A4-894F-76A1511CEDB0}
	EndProjectSection
EndProject
Project("{8BC9CEB8-8B4A-11D0-8D11-00A0C91BC942}") = "vs.map", "..\zipobase.com\map\vs.map\vs.map.vcxproj", "{8EF7A01B-75B6-42B7-9671-1ABEFD609C20}"
EndProject
Project("{2150E333-8FDC-42A3-9474-1A3956D46DE8}") = "tests", "tests", "{C3FB2FDE-B0F1-48DA-A487-7EAACACF4D26}"
EndProject
Project("{8BC9CEB8-8B4A-11D0-8D11-00A0C91BC942}") = "test_parse", "tests\test_parse\test_parse.vcxproj", "{B5DB9DB8-A19C-402B-9C29-99B17A140178}"
	ProjectSection(ProjectDependencies) = postProject
		{7DFEB237-87B6-4425-A52D-E8D5E892D6F4} = {7DFEB237-87B6-4425-A52D-E8D5E892D6F4}
	EndProjectSection
EndProject
Project("{8BC9CEB8-8B4A-11D0-8D11-00A0C91BC942}") = "test_c", "tests\test_c\test_c.vcxproj", "{D576507B-50F0-4E89-A86E-BD436AED597F}"
	ProjectSection(ProjectDependencies) = postProject
		{9296B73D-D94E-4724-907F-E1766D6A575C} = {9296B73D-D94E-4724-907F-E1766D6A575C}
	EndProjectSection
EndProject
Project("{8BC9CEB8-8B4A-11D0-8D11-00A0C91BC942}") = "test_cpp", "tests\test_cpp\test_cpp.vcxproj", "{6A17DA71-50D6-46E2-AD7A-47A082D64F48}"
	ProjectSection(ProjectDependencies) = postProject
		{61770672-CA7E-41A4-894F-76A1511CEDB0} = {61770672-CA7E-41A4-894F-76A1511CEDB0}
	EndProjectSection
EndProject
Project("{8BC9CEB8-8B4A-11D0-8D11-00A0C91BC942}") = "test_console", "tests\test_console\test_console.vcxproj", "{437042A0-FD63-434D-8578-D12A73703BF8}"
	ProjectSection(ProjectDependencies) = postProject
		{7DFEB237-87B6-4425-A52D-E8D5E892D6F4} = {7DFEB237-87B6-4425-A52D-E8D5E892D6F4}
	EndProjectSection
EndProject
Project("{8BC9CEB8-8B4A-11D0-8D11-00A0C91BC942}") = "mklib", "..\third\metakit\win\vs2012\mklib.vcxproj", "{1A078EAB-0236-4FE7-8D01-6733C7EDBBD4}"
EndProject
Project("{8BC9CEB8-8B4A-11D0-8D11-00A0C91BC942}") = "test_zb", "tests\test_zb\test_zb.vcxproj", "{F49FF15F-92AD-490C-8E5F-FBF1F28A1E73}"
	ProjectSection(ProjectDependencies) = postProject
		{CDE73D09-C930-468C-B421-F1F2D017AB23} = {CDE73D09-C930-468C-B421-F1F2D017AB23}
	EndProjectSection
EndProject
Project("{2150E333-8FDC-42A3-9474-1A3956D46DE8}") = "third", "third", "{C1E23D21-20AD-446C-8831-1C806ED8AA82}"
EndProject
Project("{2150E333-8FDC-42A3-9474-1A3956D46DE8}") = "zlibs", "zlibs", "{616AE2B8-05F0-4DAF-98B5-1D9B8CE5441C}"
	ProjectSection(SolutionItems) = preProject
		common.mk = common.mk
	EndProjectSection
EndProject
Project("{2150E333-8FDC-42A3-9474-1A3956D46DE8}") = "zbase", "zbase", "{57DE92DE-CAEC-48D5-8E8E-40B00879C10C}"
EndProject
Project("{8BC9CEB8-8B4A-11D0-8D11-00A0C91BC942}") = "dump", "..\third\metakit\dump\dump.vcxproj", "{C1FBFA01-75CF-4B32-9C48-4AC837766A26}"
EndProject
Project("{8BC9CEB8-8B4A-11D0-8D11-00A0C91BC942}") = "test_make", "tests\test_make\test_make.vcxproj", "{B3DB7A00-6139-4D61-987B-CAD2F8D735B7}"
EndProject
Global
	GlobalSection(SubversionScc) = preSolution
		Svn-Managed = True
		Manager = AnkhSVN - Subversion Support for Visual Studio
	EndGlobalSection
	GlobalSection(SolutionConfigurationPlatforms) = preSolution
		Debug_NoTrace|Win32 = Debug_NoTrace|Win32
		Debug_Trace|Win32 = Debug_Trace|Win32
		Debug|Win32 = Debug|Win32
		dll_release|Win32 = dll_release|Win32
		release_trace|Win32 = release_trace|Win32
		Release|Win32 = Release|Win32
	EndGlobalSection
	GlobalSection(ProjectConfigurationPlatforms) = postSolution
		{CDE73D09-C930-468C-B421-F1F2D017AB23}.Debug_NoTrace|Win32.ActiveCfg = Debug_NoTrace|Win32
		{CDE73D09-C930-468C-B421-F1F2D017AB23}.Debug_NoTrace|Win32.Build.0 = Debug_NoTrace|Win32
		{CDE73D09-C930-468C-B421-F1F2D017AB23}.Debug_Trace|Win32.ActiveCfg = Debug_Trace|Win32
		{CDE73D09-C930-468C-B421-F1F2D017AB23}.Debug_Trace|Win32.Build.0 = Debug_Trace|Win32
		{CDE73D09-C930-468C-B421-F1F2D017AB23}.Debug|Win32.ActiveCfg = Debug|Win32
		{CDE73D09-C930-468C-B421-F1F2D017AB23}.Debug|Win32.Build.0 = Debug|Win32
		{CDE73D09-C930-468C-B421-F1F2D017AB23}.dll_release|Win32.ActiveCfg = dll_release|Win32
		{CDE73D09-C930-468C-B421-F1F2D017AB23}.dll_release|Win32.Build.0 = dll_release|Win32
		{CDE73D09-C930-468C-B421-F1F2D017AB23}.release_trace|Win32.ActiveCfg = release_trace|Win32
		{CDE73D09-C930-468C-B421-F1F2D017AB23}.release_trace|Win32.Build.0 = release_trace|Win32
		{CDE73D09-C930-468C-B421-F1F2D017AB23}.Release|Win32.ActiveCfg = Release|Win32
		{CDE73D09-C930-468C-B421-F1F2D017AB23}.Release|Win32.Build.0 = Release|Win32
		{9296B73D-D94E-4724-907F-E1766D6A575C}.Debug_NoTrace|Win32.ActiveCfg = Debug_Trace|Win32
		{9296B73D-D94E-4724-907F-E1766D6A575C}.Debug_NoTrace|Win32.Build.0 = Debug_Trace|Win32
		{9296B73D-D94E-4724-907F-E1766D6A575C}.Debug_Trace|Win32.ActiveCfg = Debug_Trace|Win32
		{9296B73D-D94E-4724-907F-E1766D6A575C}.Debug_Trace|Win32.Build.0 = Debug_Trace|Win32
		{9296B73D-D94E-4724-907F-E1766D6A575C}.Debug|Win32.ActiveCfg = Debug|Win32
		{9296B73D-D94E-4724-907F-E1766D6A575C}.Debug|Win32.Build.0 = Debug|Win32
		{9296B73D-D94E-4724-907F-E1766D6A575C}.dll_release|Win32.ActiveCfg = Debug|Win32
		{9296B73D-D94E-4724-907F-E1766D6A575C}.dll_release|Win32.Build.0 = Debug|Win32
		{9296B73D-D94E-4724-907F-E1766D6A575C}.release_trace|Win32.ActiveCfg = Release|Win32
		{9296B73D-D94E-4724-907F-E1766D6A575C}.release_trace|Win32.Build.0 = Release|Win32
		{9296B73D-D94E-4724-907F-E1766D6A575C}.Release|Win32.ActiveCfg = Release|Win32
		{9296B73D-D94E-4724-907F-E1766D6A575C}.Release|Win32.Build.0 = Release|Win32
		{61770672-CA7E-41A4-894F-76A1511CEDB0}.Debug_NoTrace|Win32.ActiveCfg = Debug_Trace|Win32
		{61770672-CA7E-41A4-894F-76A1511CEDB0}.Debug_NoTrace|Win32.Build.0 = Debug_Trace|Win32
		{61770672-CA7E-41A4-894F-76A1511CEDB0}.Debug_Trace|Win32.ActiveCfg = Debug_Trace|Win32
		{61770672-CA7E-41A4-894F-76A1511CEDB0}.Debug_Trace|Win32.Build.0 = Debug_Trace|Win32
		{61770672-CA7E-41A4-894F-76A1511CEDB0}.Debug|Win32.ActiveCfg = Debug|Win32
		{61770672-CA7E-41A4-894F-76A1511CEDB0}.Debug|Win32.Build.0 = Debug|Win32
		{61770672-CA7E-41A4-894F-76A1511CEDB0}.dll_release|Win32.ActiveCfg = Debug|Win32
		{61770672-CA7E-41A4-894F-76A1511CEDB0}.dll_release|Win32.Build.0 = Debug|Win32
		{61770672-CA7E-41A4-894F-76A1511CEDB0}.release_trace|Win32.ActiveCfg = Release|Win32
		{61770672-CA7E-41A4-894F-76A1511CEDB0}.release_trace|Win32.Build.0 = Release|Win32
		{61770672-CA7E-41A4-894F-76A1511CEDB0}.Release|Win32.ActiveCfg = Release|Win32
		{61770672-CA7E-41A4-894F-76A1511CEDB0}.Release|Win32.Build.0 = Release|Win32
		{7DFEB237-87B6-4425-A52D-E8D5E892D6F4}.Debug_NoTrace|Win32.ActiveCfg = Debug_Trace|Win32
		{7DFEB237-87B6-4425-A52D-E8D5E892D6F4}.Debug_NoTrace|Win32.Build.0 = Debug_Trace|Win32
		{7DFEB237-87B6-4425-A52D-E8D5E892D6F4}.Debug_Trace|Win32.ActiveCfg = Debug_Trace|Win32
		{7DFEB237-87B6-4425-A52D-E8D5E892D6F4}.Debug_Trace|Win32.Build.0 = Debug_Trace|Win32
		{7DFEB237-87B6-4425-A52D-E8D5E892D6F4}.Debug|Win32.ActiveCfg = Debug|Win32
		{7DFEB237-87B6-4425-A52D-E8D5E892D6F4}.Debug|Win32.Build.0 = Debug|Win32
		{7DFEB237-87B6-4425-A52D-E8D5E892D6F4}.dll_release|Win32.ActiveCfg = Debug|Win32
		{7DFEB237-87B6-4425-A52D-E8D5E892D6F4}.dll_release|Win32.Build.0 = Debug|Win32
		{7DFEB237-87B6-4425-A52D-E8D5E892D6F4}.release_trace|Win32.ActiveCfg = Release|Win32
		{7DFEB237-87B6-4425-A52D-E8D5E892D6F4}.release_trace|Win32.Build.0 = Release|Win32
		{7DFEB237-87B6-4425-A52D-E8D5E892D6F4}.Release|Win32.ActiveCfg = Release|Win32
		{7DFEB237-87B6-4425-A52D-E8D5E892D6F4}.Release|Win32.Build.0 = Release|Win32
		{8EF7A01B-75B6-42B7-9671-1ABEFD609C20}.Debug_NoTrace|Win32.ActiveCfg = Debug_Trace|Win32
		{8EF7A01B-75B6-42B7-9671-1ABEFD609C20}.Debug_NoTrace|Win32.Build.0 = Debug_Trace|Win32
		{8EF7A01B-75B6-42B7-9671-1ABEFD609C20}.Debug_Trace|Win32.ActiveCfg = Debug_Trace|Win32
		{8EF7A01B-75B6-42B7-9671-1ABEFD609C20}.Debug_Trace|Win32.Build.0 = Debug_Trace|Win32
		{8EF7A01B-75B6-42B7-9671-1ABEFD609C20}.Debug|Win32.ActiveCfg = Debug|Win32
		{8EF7A01B-75B6-42B7-9671-1ABEFD609C20}.Debug|Win32.Build.0 = Debug|Win32
		{8EF7A01B-75B6-42B7-9671-1ABEFD609C20}.dll_release|Win32.ActiveCfg = Debug|Win32
		{8EF7A01B-75B6-42B7-9671-1ABEFD609C20}.dll_release|Win32.Build.0 = Debug|Win32
		{8EF7A01B-75B6-42B7-9671-1ABEFD609C20}.release_trace|Win32.ActiveCfg = Release|Win32
		{8EF7A01B-75B6-42B7-9671-1ABEFD609C20}.release_trace|Win32.Build.0 = Release|Win32
		{8EF7A01B-75B6-42B7-9671-1ABEFD609C20}.Release|Win32.ActiveCfg = Release|Win32
		{8EF7A01B-75B6-42B7-9671-1ABEFD609C20}.Release|Win32.Build.0 = Release|Win32
		{B5DB9DB8-A19C-402B-9C29-99B17A140178}.Debug_NoTrace|Win32.ActiveCfg = Debug_NoTrace|Win32
		{B5DB9DB8-A19C-402B-9C29-99B17A140178}.Debug_NoTrace|Win32.Build.0 = Debug_NoTrace|Win32
		{B5DB9DB8-A19C-402B-9C29-99B17A140178}.Debug_Trace|Win32.ActiveCfg = Debug_Trace|Win32
		{B5DB9DB8-A19C-402B-9C29-99B17A140178}.Debug_Trace|Win32.Build.0 = Debug_Trace|Win32
		{B5DB9DB8-A19C-402B-9C29-99B17A140178}.Debug|Win32.ActiveCfg = Debug|Win32
		{B5DB9DB8-A19C-402B-9C29-99B17A140178}.Debug|Win32.Build.0 = Debug|Win32
		{B5DB9DB8-A19C-402B-9C29-99B17A140178}.dll_release|Win32.ActiveCfg = Debug_NoTrace|Win32
		{B5DB9DB8-A19C-402B-9C29-99B17A140178}.dll_release|Win32.Build.0 = Debug_NoTrace|Win32
		{B5DB9DB8-A19C-402B-9C29-99B17A140178}.release_trace|Win32.ActiveCfg = release_trace|Win32
		{B5DB9DB8-A19C-402B-9C29-99B17A140178}.release_trace|Win32.Build.0 = release_trace|Win32
		{B5DB9DB8-A19C-402B-9C29-99B17A140178}.Release|Win32.ActiveCfg = Release|Win32
		{B5DB9DB8-A19C-402B-9C29-99B17A140178}.Release|Win32.Build.0 = Release|Win32
		{D576507B-50F0-4E89-A86E-BD436AED597F}.Debug_NoTrace|Win32.ActiveCfg = Debug_NoTrace|Win32
		{D576507B-50F0-4E89-A86E-BD436AED597F}.Debug_NoTrace|Win32.Build.0 = Debug_NoTrace|Win32
		{D576507B-50F0-4E89-A86E-BD436AED597F}.Debug_Trace|Win32.ActiveCfg = Debug_Trace|Win32
		{D576507B-50F0-4E89-A86E-BD436AED597F}.Debug_Trace|Win32.Build.0 = Debug_Trace|Win32
		{D576507B-50F0-4E89-A86E-BD436AED597F}.Debug|Win32.ActiveCfg = Debug|Win32
		{D576507B-50F0-4E89-A86E-BD436AED597F}.Debug|Win32.Build.0 = Debug|Win32
		{D576507B-50F0-4E89-A86E-BD436AED597F}.dll_release|Win32.ActiveCfg = Debug_NoTrace|Win32
		{D576507B-50F0-4E89-A86E-BD436AED597F}.dll_release|Win32.Build.0 = Debug_NoTrace|Win32
		{D576507B-50F0-4E89-A86E-BD436AED597F}.release_trace|Win32.ActiveCfg = Release|Win32
		{D576507B-50F0-4E89-A86E-BD436AED597F}.release_trace|Win32.Build.0 = Release|Win32
		{D576507B-50F0-4E89-A86E-BD436AED597F}.Release|Win32.ActiveCfg = Release|Win32
		{D576507B-50F0-4E89-A86E-BD436AED597F}.Release|Win32.Build.0 = Release|Win32
		{6A17DA71-50D6-46E2-AD7A-47A082D64F48}.Debug_NoTrace|Win32.ActiveCfg = Debug_NoTrace|Win32
		{6A17DA71-50D6-46E2-AD7A-47A082D64F48}.Debug_NoTrace|Win32.Build.0 = Debug_NoTrace|Win32
		{6A17DA71-50D6-46E2-AD7A-47A082D64F48}.Debug_Trace|Win32.ActiveCfg = Debug_Trace|Win32
		{6A17DA71-50D6-46E2-AD7A-47A082D64F48}.Debug_Trace|Win32.Build.0 = Debug_Trace|Win32
		{6A17DA71-50D6-46E2-AD7A-47A082D64F48}.Debug|Win32.ActiveCfg = Debug|Win32
		{6A17DA71-50D6-46E2-AD7A-47A082D64F48}.Debug|Win32.Build.0 = Debug|Win32
		{6A17DA71-50D6-46E2-AD7A-47A082D64F48}.dll_release|Win32.ActiveCfg = Debug_NoTrace|Win32
		{6A17DA71-50D6-46E2-AD7A-47A082D64F48}.dll_release|Win32.Build.0 = Debug_NoTrace|Win32
		{6A17DA71-50D6-46E2-AD7A-47A082D64F48}.release_trace|Win32.ActiveCfg = Release|Win32
		{6A17DA71-50D6-46E2-AD7A-47A082D64F48}.release_trace|Win32.Build.0 = Release|Win32
		{6A17DA71-50D6-46E2-AD7A-47A082D64F48}.Release|Win32.ActiveCfg = Release|Win32
		{6A17DA71-50D6-46E2-AD7A-47A082D64F48}.Release|Win32.Build.0 = Release|Win32
		{437042A0-FD63-434D-8578-D12A73703BF8}.Debug_NoTrace|Win32.ActiveCfg = Debug_Trace|Win32
		{437042A0-FD63-434D-8578-D12A73703BF8}.Debug_NoTrace|Win32.Build.0 = Debug_Trace|Win32
		{437042A0-FD63-434D-8578-D12A73703BF8}.Debug_Trace|Win32.ActiveCfg = Debug_Trace|Win32
		{437042A0-FD63-434D-8578-D12A73703BF8}.Debug_Trace|Win32.Build.0 = Debug_Trace|Win32
		{437042A0-FD63-434D-8578-D12A73703BF8}.Debug|Win32.ActiveCfg = Debug|Win32
		{437042A0-FD63-434D-8578-D12A73703BF8}.Debug|Win32.Build.0 = Debug|Win32
		{437042A0-FD63-434D-8578-D12A73703BF8}.dll_release|Win32.ActiveCfg = Debug|Win32
		{437042A0-FD63-434D-8578-D12A73703BF8}.dll_release|Win32.Build.0 = Debug|Win32
		{437042A0-FD63-434D-8578-D12A73703BF8}.release_trace|Win32.ActiveCfg = Release|Win32
		{437042A0-FD63-434D-8578-D12A73703BF8}.release_trace|Win32.Build.0 = Release|Win32
		{437042A0-FD63-434D-8578-D12A73703BF8}.Release|Win32.ActiveCfg = Release|Win32
		{437042A0-FD63-434D-8578-D12A73703BF8}.Release|Win32.Build.0 = Release|Win32
		{1A078EAB-0236-4FE7-8D01-6733C7EDBBD4}.Debug_NoTrace|Win32.ActiveCfg = Debug|Win32
		{1A078EAB-0236-4FE7-8D01-6733C7EDBBD4}.Debug_NoTrace|Win32.Build.0 = Debug|Win32
		{1A078EAB-0236-4FE7-8D01-6733C7EDBBD4}.Debug_Trace|Win32.ActiveCfg = Debug|Win32
		{1A078EAB-0236-4FE7-8D01-6733C7EDBBD4}.Debug_Trace|Win32.Build.0 = Debug|Win32
		{1A078EAB-0236-4FE7-8D01-6733C7EDBBD4}.Debug|Win32.ActiveCfg = Debug|Win32
		{1A078EAB-0236-4FE7-8D01-6733C7EDBBD4}.Debug|Win32.Build.0 = Debug|Win32
		{1A078EAB-0236-4FE7-8D01-6733C7EDBBD4}.dll_release|Win32.ActiveCfg = dll_release|Win32
		{1A078EAB-0236-4FE7-8D01-6733C7EDBBD4}.dll_release|Win32.Build.0 = dll_release|Win32
		{1A078EAB-0236-4FE7-8D01-6733C7EDBBD4}.release_trace|Win32.ActiveCfg = Release|Win32
		{1A078EAB-0236-4FE7-8D01-6733C7EDBBD4}.release_trace|Win32.Build.0 = Release|Win32
		{1A078EAB-0236-4FE7-8D01-6733C7EDBBD4}.Release|Win32.ActiveCfg = Release|Win32
		{1A078EAB-0236-4FE7-8D01-6733C7EDBBD4}.Release|Win32.Build.0 = Release|Win32
		{F49FF15F-92AD-490C-8E5F-FBF1F28A1E73}.Debug_NoTrace|Win32.ActiveCfg = Debug_NoTrace|Win32
		{F49FF15F-92AD-490C-8E5F-FBF1F28A1E73}.Debug_NoTrace|Win32.Build.0 = Debug_NoTrace|Win32
		{F49FF15F-92AD-490C-8E5F-FBF1F28A1E73}.Debug_Trace|Win32.ActiveCfg = Debug_Trace|Win32
		{F49FF15F-92AD-490C-8E5F-FBF1F28A1E73}.Debug_Trace|Win32.Build.0 = Debug_Trace|Win32
		{F49FF15F-92AD-490C-8E5F-FBF1F28A1E73}.Debug|Win32.ActiveCfg = Debug|Win32
		{F49FF15F-92AD-490C-8E5F-FBF1F28A1E73}.Debug|Win32.Build.0 = Debug|Win32
		{F49FF15F-92AD-490C-8E5F-FBF1F28A1E73}.dll_release|Win32.ActiveCfg = Debug_NoTrace|Win32
		{F49FF15F-92AD-490C-8E5F-FBF1F28A1E73}.dll_release|Win32.Build.0 = Debug_NoTrace|Win32
		{F49FF15F-92AD-490C-8E5F-FBF1F28A1E73}.release_trace|Win32.ActiveCfg = Release|Win32
		{F49FF15F-92AD-490C-8E5F-FBF1F28A1E73}.release_trace|Win32.Build.0 = Release|Win32
		{F49FF15F-92AD-490C-8E5F-FBF1F28A1E73}.Release|Win32.ActiveCfg = Release|Win32
		{F49FF15F-92AD-490C-8E5F-FBF1F28A1E73}.Release|Win32.Build.0 = Release|Win32
		{C1FBFA01-75CF-4B32-9C48-4AC837766A26}.Debug_NoTrace|Win32.ActiveCfg = Debug|Win32
		{C1FBFA01-75CF-4B32-9C48-4AC837766A26}.Debug_NoTrace|Win32.Build.0 = Debug|Win32
		{C1FBFA01-75CF-4B32-9C48-4AC837766A26}.Debug_Trace|Win32.ActiveCfg = Debug|Win32
		{C1FBFA01-75CF-4B32-9C48-4AC837766A26}.Debug_Trace|Win32.Build.0 = Debug|Win32
		{C1FBFA01-75CF-4B32-9C48-4AC837766A26}.Debug|Win32.ActiveCfg = Debug|Win32
		{C1FBFA01-75CF-4B32-9C48-4AC837766A26}.Debug|Win32.Build.0 = Debug|Win32
		{C1FBFA01-75CF-4B32-9C48-4AC837766A26}.dll_release|Win32.ActiveCfg = Debug|Win32
		{C1FBFA01-75CF-4B32-9C48-4AC837766A26}.dll_release|Win32.Build.0 = Debug|Win32
		{C1FBFA01-75CF-4B32-9C48-4AC837766A26}.release_trace|Win32.ActiveCfg = Release|Win32
		{C1FBFA01-75CF-4B32-9C48-4AC837766A26}.release_trace|Win32.Build.0 = Release|Win32
		{C1FBFA01-75CF-4B32-9C48-4AC837766A26}.Release|Win32.ActiveCfg = Release|Win32
		{C1FBFA01-75CF-4B32-9C48-4AC837766A26}.Release|Win32.Build.0 = Release|Win32
		{B3DB7A00-6139-4D61-987B-CAD2F8D735B7}.Debug_NoTrace|Win32.ActiveCfg = Debug|Win32
		{B3DB7A00-6139-4D61-987B-CAD2F8D735B7}.Debug_NoTrace|Win32.Build.0 = Debug|Win32
		{B3DB7A00-6139-4D61-987B-CAD2F8D735B7}.Debug_Trace|Win32.ActiveCfg = Debug|Win32
		{B3DB7A00-6139-4D61-987B-CAD2F8D735B7}.Debug_Trace|Win32.Build.0 = Debug|Win32
		{B3DB7A00-6139-4D61-987B-CAD2F8D735B7}.Debug|Win32.ActiveCfg = Debug|Win32
		{B3DB7A00-6139-4D61-987B-CAD2F8D735B7}.Debug|Win32.Build.0 = Debug|Win32
		{B3DB7A00-6139-4D61-987B-CAD2F8D735B7}.dll_release|Win32.ActiveCfg = Debug|Win32
		{B3DB7A00-6139-4D61-987B-CAD2F8D735B7}.dll_release|Win32.Build.0 = Debug|Win32
		{B3DB7A00-6139-4D61-987B-CAD2F8D735B7}.release_trace|Win32.ActiveCfg = Release|Win32
		{B3DB7A00-6139-4D61-987B-CAD2F8D735B7}.release_trace|Win32.Build.0 = Release|Win32
		{B3DB7A00-6139-4D61-987B-CAD2F8D735B7}.Release|Win32.ActiveCfg = Release|Win32
		{B3DB7A00-6139-4D61-987B-CAD2F8D735B7}.Release|Win32.Build.0 = Release|Win32
	EndGlobalSection
	GlobalSection(SolutionProperties) = preSolution
		HideSolutionNode = FALSE
	EndGlobalSection
	GlobalSection(NestedProjects) = preSolution
		{61770672-CA7E-41A4-894F-76A1511CEDB0} = {616AE2B8-05F0-4DAF-98B5-1D9B8CE5441C}
		{7DFEB237-87B6-4425-A52D-E8D5E892D6F4} = {616AE2B8-05F0-4DAF-98B5-1D9B8CE5441C}
		{8EF7A01B-75B6-42B7-9671-1ABEFD609C20} = {616AE2B8-05F0-4DAF-98B5-1D9B8CE5441C}
		{9296B73D-D94E-4724-907F-E1766D6A575C} = {616AE2B8-05F0-4DAF-98B5-1D9B8CE5441C}
		{B5DB9DB8-A19C-402B-9C29-99B17A140178} = {C3FB2FDE-B0F1-48DA-A487-7EAACACF4D26}
		{D576507B-50F0-4E89-A86E-BD436AED597F} = {C3FB2FDE-B0F1-48DA-A487-7EAACACF4D26}
		{6A17DA71-50D6-46E2-AD7A-47A082D64F48} = {C3FB2FDE-B0F1-48DA-A487-7EAACACF4D26}
		{437042A0-FD63-434D-8578-D12A73703BF8} = {C3FB2FDE-B0F1-48DA-A487-7EAACACF4D26}
		{B3DB7A00-6139-4D61-987B-CAD2F8D735B7} = {C3FB2FDE-B0F1-48DA-A487-7EAACACF4D26}
		{1A078EAB-0236-4FE7-8D01-6733C7EDBBD4} = {C1E23D21-20AD-446C-8831-1C806ED8AA82}
		{C1FBFA01-75CF-4B32-9C48-4AC837766A26} = {C1E23D21-20AD-446C-8831-1C806ED8AA82}
	EndGlobalSection
EndGlobal
