
Microsoft Visual Studio Solution File, Format Version 12.00
# Visual Studio 2012
Project("{8BC9CEB8-8B4A-11D0-8D11-00A0C91BC942}") = "zbase_lib", "zbase_lib\windows\zbase_lib.vcxproj", "{CDE73D09-C930-468C-B421-F1F2D017AB23}"
EndProject
Project("{8BC9CEB8-8B4A-11D0-8D11-00A0C91BC942}") = "zipolib_c", "zipolib_c\windows\zipolib_c.vcxproj", "{9296B73D-D94E-4724-907F-E1766D6A575C}"
EndProject
Project("{8BC9CEB8-8B4A-11D0-8D11-00A0C91BC942}") = "zipolib_cpp", "zipolib_cpp\windows\zipolib_cpp.vcxproj", "{61770672-CA7E-41A4-894F-76A1511CEDB0}"
EndProject
Project("{8BC9CEB8-8B4A-11D0-8D11-00A0C91BC942}") = "zipolib_parse", "zipolib_parse\windows\zipolib_parse.vcxproj", "{7DFEB237-87B6-4425-A52D-E8D5E892D6F4}"
EndProject
Project("{8BC9CEB8-8B4A-11D0-8D11-00A0C91BC942}") = "vs.map", "..\zipobase.com\map\vs.map\vs.map.vcxproj", "{8EF7A01B-75B6-42B7-9671-1ABEFD609C20}"
EndProject
Project("{2150E333-8FDC-42A3-9474-1A3956D46DE8}") = "tests", "tests", "{C3FB2FDE-B0F1-48DA-A487-7EAACACF4D26}"
EndProject
Project("{8BC9CEB8-8B4A-11D0-8D11-00A0C91BC942}") = "test_parse", "tests\test_parse\test_parse.vcxproj", "{B5DB9DB8-A19C-402B-9C29-99B17A140178}"
EndProject
Project("{8BC9CEB8-8B4A-11D0-8D11-00A0C91BC942}") = "test_c", "tests\test_c\test_c.vcxproj", "{D576507B-50F0-4E89-A86E-BD436AED597F}"
EndProject
Project("{8BC9CEB8-8B4A-11D0-8D11-00A0C91BC942}") = "test_cpp", "tests\test_cpp\test_cpp.vcxproj", "{6A17DA71-50D6-46E2-AD7A-47A082D64F48}"
EndProject
Project("{8BC9CEB8-8B4A-11D0-8D11-00A0C91BC942}") = "test_console", "tests\test_console\test_console.vcxproj", "{437042A0-FD63-434D-8578-D12A73703BF8}"
EndProject
Global
	GlobalSection(SubversionScc) = preSolution
		Svn-Managed = True
		Manager = AnkhSVN - Subversion Support for Visual Studio
	EndGlobalSection
	GlobalSection(SolutionConfigurationPlatforms) = preSolution
		Debug_Trace|Win32 = Debug_Trace|Win32
		Debug|Win32 = Debug|Win32
		release_trace|Win32 = release_trace|Win32
		Release|Win32 = Release|Win32
	EndGlobalSection
	GlobalSection(ProjectConfigurationPlatforms) = postSolution
		{CDE73D09-C930-468C-B421-F1F2D017AB23}.Debug_Trace|Win32.ActiveCfg = Debug_Trace|Win32
		{CDE73D09-C930-468C-B421-F1F2D017AB23}.Debug_Trace|Win32.Build.0 = Debug_Trace|Win32
		{CDE73D09-C930-468C-B421-F1F2D017AB23}.Debug|Win32.ActiveCfg = Debug|Win32
		{CDE73D09-C930-468C-B421-F1F2D017AB23}.Debug|Win32.Build.0 = Debug|Win32
		{CDE73D09-C930-468C-B421-F1F2D017AB23}.release_trace|Win32.ActiveCfg = release_trace|Win32
		{CDE73D09-C930-468C-B421-F1F2D017AB23}.release_trace|Win32.Build.0 = release_trace|Win32
		{CDE73D09-C930-468C-B421-F1F2D017AB23}.Release|Win32.ActiveCfg = Release|Win32
		{CDE73D09-C930-468C-B421-F1F2D017AB23}.Release|Win32.Build.0 = Release|Win32
		{9296B73D-D94E-4724-907F-E1766D6A575C}.Debug_Trace|Win32.ActiveCfg = Debug_Trace|Win32
		{9296B73D-D94E-4724-907F-E1766D6A575C}.Debug_Trace|Win32.Build.0 = Debug_Trace|Win32
		{9296B73D-D94E-4724-907F-E1766D6A575C}.Debug|Win32.ActiveCfg = Debug|Win32
		{9296B73D-D94E-4724-907F-E1766D6A575C}.Debug|Win32.Build.0 = Debug|Win32
		{9296B73D-D94E-4724-907F-E1766D6A575C}.release_trace|Win32.ActiveCfg = Release|Win32
		{9296B73D-D94E-4724-907F-E1766D6A575C}.release_trace|Win32.Build.0 = Release|Win32
		{9296B73D-D94E-4724-907F-E1766D6A575C}.Release|Win32.ActiveCfg = Release|Win32
		{9296B73D-D94E-4724-907F-E1766D6A575C}.Release|Win32.Build.0 = Release|Win32
		{61770672-CA7E-41A4-894F-76A1511CEDB0}.Debug_Trace|Win32.ActiveCfg = Debug_Trace|Win32
		{61770672-CA7E-41A4-894F-76A1511CEDB0}.Debug_Trace|Win32.Build.0 = Debug_Trace|Win32
		{61770672-CA7E-41A4-894F-76A1511CEDB0}.Debug|Win32.ActiveCfg = Debug|Win32
		{61770672-CA7E-41A4-894F-76A1511CEDB0}.Debug|Win32.Build.0 = Debug|Win32
		{61770672-CA7E-41A4-894F-76A1511CEDB0}.release_trace|Win32.ActiveCfg = Release|Win32
		{61770672-CA7E-41A4-894F-76A1511CEDB0}.release_trace|Win32.Build.0 = Release|Win32
		{61770672-CA7E-41A4-894F-76A1511CEDB0}.Release|Win32.ActiveCfg = Release|Win32
		{61770672-CA7E-41A4-894F-76A1511CEDB0}.Release|Win32.Build.0 = Release|Win32
		{7DFEB237-87B6-4425-A52D-E8D5E892D6F4}.Debug_Trace|Win32.ActiveCfg = Debug_Trace|Win32
		{7DFEB237-87B6-4425-A52D-E8D5E892D6F4}.Debug_Trace|Win32.Build.0 = Debug_Trace|Win32
		{7DFEB237-87B6-4425-A52D-E8D5E892D6F4}.Debug|Win32.ActiveCfg = Debug|Win32
		{7DFEB237-87B6-4425-A52D-E8D5E892D6F4}.Debug|Win32.Build.0 = Debug|Win32
		{7DFEB237-87B6-4425-A52D-E8D5E892D6F4}.release_trace|Win32.ActiveCfg = Release|Win32
		{7DFEB237-87B6-4425-A52D-E8D5E892D6F4}.release_trace|Win32.Build.0 = Release|Win32
		{7DFEB237-87B6-4425-A52D-E8D5E892D6F4}.Release|Win32.ActiveCfg = Release|Win32
		{7DFEB237-87B6-4425-A52D-E8D5E892D6F4}.Release|Win32.Build.0 = Release|Win32
		{8EF7A01B-75B6-42B7-9671-1ABEFD609C20}.Debug_Trace|Win32.ActiveCfg = Debug_Trace|Win32
		{8EF7A01B-75B6-42B7-9671-1ABEFD609C20}.Debug_Trace|Win32.Build.0 = Debug_Trace|Win32
		{8EF7A01B-75B6-42B7-9671-1ABEFD609C20}.Debug|Win32.ActiveCfg = Debug|Win32
		{8EF7A01B-75B6-42B7-9671-1ABEFD609C20}.Debug|Win32.Build.0 = Debug|Win32
		{8EF7A01B-75B6-42B7-9671-1ABEFD609C20}.release_trace|Win32.ActiveCfg = Release|Win32
		{8EF7A01B-75B6-42B7-9671-1ABEFD609C20}.release_trace|Win32.Build.0 = Release|Win32
		{8EF7A01B-75B6-42B7-9671-1ABEFD609C20}.Release|Win32.ActiveCfg = Release|Win32
		{8EF7A01B-75B6-42B7-9671-1ABEFD609C20}.Release|Win32.Build.0 = Release|Win32
		{B5DB9DB8-A19C-402B-9C29-99B17A140178}.Debug_Trace|Win32.ActiveCfg = Debug_Trace|Win32
		{B5DB9DB8-A19C-402B-9C29-99B17A140178}.Debug_Trace|Win32.Build.0 = Debug_Trace|Win32
		{B5DB9DB8-A19C-402B-9C29-99B17A140178}.Debug|Win32.ActiveCfg = Debug|Win32
		{B5DB9DB8-A19C-402B-9C29-99B17A140178}.Debug|Win32.Build.0 = Debug|Win32
		{B5DB9DB8-A19C-402B-9C29-99B17A140178}.release_trace|Win32.ActiveCfg = release_trace|Win32
		{B5DB9DB8-A19C-402B-9C29-99B17A140178}.release_trace|Win32.Build.0 = release_trace|Win32
		{B5DB9DB8-A19C-402B-9C29-99B17A140178}.Release|Win32.ActiveCfg = Release|Win32
		{B5DB9DB8-A19C-402B-9C29-99B17A140178}.Release|Win32.Build.0 = Release|Win32
		{D576507B-50F0-4E89-A86E-BD436AED597F}.Debug_Trace|Win32.ActiveCfg = Debug_Trace|Win32
		{D576507B-50F0-4E89-A86E-BD436AED597F}.Debug_Trace|Win32.Build.0 = Debug_Trace|Win32
		{D576507B-50F0-4E89-A86E-BD436AED597F}.Debug|Win32.ActiveCfg = Debug|Win32
		{D576507B-50F0-4E89-A86E-BD436AED597F}.Debug|Win32.Build.0 = Debug|Win32
		{D576507B-50F0-4E89-A86E-BD436AED597F}.release_trace|Win32.ActiveCfg = Release|Win32
		{D576507B-50F0-4E89-A86E-BD436AED597F}.release_trace|Win32.Build.0 = Release|Win32
		{D576507B-50F0-4E89-A86E-BD436AED597F}.Release|Win32.ActiveCfg = Release|Win32
		{D576507B-50F0-4E89-A86E-BD436AED597F}.Release|Win32.Build.0 = Release|Win32
		{6A17DA71-50D6-46E2-AD7A-47A082D64F48}.Debug_Trace|Win32.ActiveCfg = Debug_Trace|Win32
		{6A17DA71-50D6-46E2-AD7A-47A082D64F48}.Debug_Trace|Win32.Build.0 = Debug_Trace|Win32
		{6A17DA71-50D6-46E2-AD7A-47A082D64F48}.Debug|Win32.ActiveCfg = Debug|Win32
		{6A17DA71-50D6-46E2-AD7A-47A082D64F48}.Debug|Win32.Build.0 = Debug|Win32
		{6A17DA71-50D6-46E2-AD7A-47A082D64F48}.release_trace|Win32.ActiveCfg = Release|Win32
		{6A17DA71-50D6-46E2-AD7A-47A082D64F48}.release_trace|Win32.Build.0 = Release|Win32
		{6A17DA71-50D6-46E2-AD7A-47A082D64F48}.Release|Win32.ActiveCfg = Release|Win32
		{6A17DA71-50D6-46E2-AD7A-47A082D64F48}.Release|Win32.Build.0 = Release|Win32
		{437042A0-FD63-434D-8578-D12A73703BF8}.Debug_Trace|Win32.ActiveCfg = Debug_Trace|Win32
		{437042A0-FD63-434D-8578-D12A73703BF8}.Debug_Trace|Win32.Build.0 = Debug_Trace|Win32
		{437042A0-FD63-434D-8578-D12A73703BF8}.Debug|Win32.ActiveCfg = Debug|Win32
		{437042A0-FD63-434D-8578-D12A73703BF8}.Debug|Win32.Build.0 = Debug|Win32
		{437042A0-FD63-434D-8578-D12A73703BF8}.release_trace|Win32.ActiveCfg = Release|Win32
		{437042A0-FD63-434D-8578-D12A73703BF8}.release_trace|Win32.Build.0 = Release|Win32
		{437042A0-FD63-434D-8578-D12A73703BF8}.Release|Win32.ActiveCfg = Release|Win32
		{437042A0-FD63-434D-8578-D12A73703BF8}.Release|Win32.Build.0 = Release|Win32
	EndGlobalSection
	GlobalSection(SolutionProperties) = preSolution
		HideSolutionNode = FALSE
	EndGlobalSection
	GlobalSection(NestedProjects) = preSolution
		{B5DB9DB8-A19C-402B-9C29-99B17A140178} = {C3FB2FDE-B0F1-48DA-A487-7EAACACF4D26}
		{D576507B-50F0-4E89-A86E-BD436AED597F} = {C3FB2FDE-B0F1-48DA-A487-7EAACACF4D26}
		{6A17DA71-50D6-46E2-AD7A-47A082D64F48} = {C3FB2FDE-B0F1-48DA-A487-7EAACACF4D26}
		{437042A0-FD63-434D-8578-D12A73703BF8} = {C3FB2FDE-B0F1-48DA-A487-7EAACACF4D26}
	EndGlobalSection
EndGlobal
