<?xml version="1.0" encoding="utf-8"?>
<Project ToolsVersion="4.0" xmlns="http://schemas.microsoft.com/developer/msbuild/2003">
  <ItemGroup>
    <Xml Include="..\Umstead.xml" />
    <Xml Include="..\trailmap.xsl" />
    <Xml Include="..\trailmap_menu.xml" />
    <Xml Include="..\..\menu\zs_menu.xsl" />
  </ItemGroup>
  <ItemGroup>
    <None Include="..\trailmap.js" />
    <None Include="..\dir.php" />
    <None Include="..\Umstead.svg" />
    <None Include="..\trailmap.css" />
    <None Include="..\..\cgi-bin\trailmap.cgi" />
    <None Include="..\map.php" />
  </ItemGroup>
</Project>